// !$*UTF8*$!
{
	archiveVersion = 1;
	classes = {
	};
	objectVersion = 46;
	objects = {

/* Begin PBXBuildFile section */
		B532FC041DBF0F8500E4D098 /* main.m in Sources */ = {isa = PBXBuildFile; fileRef = B532FC031DBF0F8500E4D098 /* main.m */; };
		B532FC071DBF0F8500E4D098 /* AppDelegate.m in Sources */ = {isa = PBXBuildFile; fileRef = B532FC061DBF0F8500E4D098 /* AppDelegate.m */; };
		B532FC091DBF0F8500E4D098 /* GameScene.sks in Resources */ = {isa = PBXBuildFile; fileRef = B532FC081DBF0F8500E4D098 /* GameScene.sks */; };
		B532FC0B1DBF0F8500E4D098 /* Actions.sks in Resources */ = {isa = PBXBuildFile; fileRef = B532FC0A1DBF0F8500E4D098 /* Actions.sks */; };
		B532FC0E1DBF0F8600E4D098 /* GameScene.m in Sources */ = {isa = PBXBuildFile; fileRef = B532FC0D1DBF0F8600E4D098 /* GameScene.m */; };
		B532FC111DBF0F8600E4D098 /* GameViewController.m in Sources */ = {isa = PBXBuildFile; fileRef = B532FC101DBF0F8600E4D098 /* GameViewController.m */; };
		B532FC141DBF0F8600E4D098 /* Main.storyboard in Resources */ = {isa = PBXBuildFile; fileRef = B532FC121DBF0F8600E4D098 /* Main.storyboard */; };
		B532FC161DBF0F8600E4D098 /* Assets.xcassets in Resources */ = {isa = PBXBuildFile; fileRef = B532FC151DBF0F8600E4D098 /* Assets.xcassets */; };
		B532FC191DBF0F8600E4D098 /* LaunchScreen.storyboard in Resources */ = {isa = PBXBuildFile; fileRef = B532FC171DBF0F8600E4D098 /* LaunchScreen.storyboard */; };
		B532FC241DBF0F8600E4D098 /* SunflowerTests.m in Sources */ = {isa = PBXBuildFile; fileRef = B532FC231DBF0F8600E4D098 /* SunflowerTests.m */; };
		B532FC2F1DBF0F8600E4D098 /* SunflowerUITests.m in Sources */ = {isa = PBXBuildFile; fileRef = B532FC2E1DBF0F8600E4D098 /* SunflowerUITests.m */; };
/* End PBXBuildFile section */

/* Begin PBXContainerItemProxy section */
		B532FC201DBF0F8600E4D098 /* PBXContainerItemProxy */ = {
			isa = PBXContainerItemProxy;
			containerPortal = B532FBF71DBF0F8500E4D098 /* Project object */;
			proxyType = 1;
			remoteGlobalIDString = B532FBFE1DBF0F8500E4D098;
			remoteInfo = Sunflower;
		};
		B532FC2B1DBF0F8600E4D098 /* PBXContainerItemProxy */ = {
			isa = PBXContainerItemProxy;
			containerPortal = B532FBF71DBF0F8500E4D098 /* Project object */;
			proxyType = 1;
			remoteGlobalIDString = B532FBFE1DBF0F8500E4D098;
			remoteInfo = Sunflower;
		};
/* End PBXContainerItemProxy section */

/* Begin PBXFileReference section */
		B532FBFF1DBF0F8500E4D098 /* Sunflower.app */ = {isa = PBXFileReference; explicitFileType = wrapper.application; includeInIndex = 0; path = Sunflower.app; sourceTree = BUILT_PRODUCTS_DIR; };
		B532FC031DBF0F8500E4D098 /* main.m */ = {isa = PBXFileReference; lastKnownFileType = sourcecode.c.objc; path = main.m; sourceTree = "<group>"; };
		B532FC051DBF0F8500E4D098 /* AppDelegate.h */ = {isa = PBXFileReference; lastKnownFileType = sourcecode.c.h; path = AppDelegate.h; sourceTree = "<group>"; };
		B532FC061DBF0F8500E4D098 /* AppDelegate.m */ = {isa = PBXFileReference; lastKnownFileType = sourcecode.c.objc; path = AppDelegate.m; sourceTree = "<group>"; };
		B532FC081DBF0F8500E4D098 /* GameScene.sks */ = {isa = PBXFileReference; lastKnownFileType = file.sks; path = GameScene.sks; sourceTree = "<group>"; };
		B532FC0A1DBF0F8500E4D098 /* Actions.sks */ = {isa = PBXFileReference; lastKnownFileType = file.sks; path = Actions.sks; sourceTree = "<group>"; };
		B532FC0C1DBF0F8600E4D098 /* GameScene.h */ = {isa = PBXFileReference; lastKnownFileType = sourcecode.c.h; path = GameScene.h; sourceTree = "<group>"; };
		B532FC0D1DBF0F8600E4D098 /* GameScene.m */ = {isa = PBXFileReference; lastKnownFileType = sourcecode.c.objc; path = GameScene.m; sourceTree = "<group>"; };
		B532FC0F1DBF0F8600E4D098 /* GameViewController.h */ = {isa = PBXFileReference; lastKnownFileType = sourcecode.c.h; path = GameViewController.h; sourceTree = "<group>"; };
		B532FC101DBF0F8600E4D098 /* GameViewController.m */ = {isa = PBXFileReference; lastKnownFileType = sourcecode.c.objc; path = GameViewController.m; sourceTree = "<group>"; };
		B532FC131DBF0F8600E4D098 /* Base */ = {isa = PBXFileReference; lastKnownFileType = file.storyboard; name = Base; path = Base.lproj/Main.storyboard; sourceTree = "<group>"; };
		B532FC151DBF0F8600E4D098 /* Assets.xcassets */ = {isa = PBXFileReference; lastKnownFileType = folder.assetcatalog; path = Assets.xcassets; sourceTree = "<group>"; };
		B532FC181DBF0F8600E4D098 /* Base */ = {isa = PBXFileReference; lastKnownFileType = file.storyboard; name = Base; path = Base.lproj/LaunchScreen.storyboard; sourceTree = "<group>"; };
		B532FC1A1DBF0F8600E4D098 /* Info.plist */ = {isa = PBXFileReference; lastKnownFileType = text.plist.xml; path = Info.plist; sourceTree = "<group>"; };
		B532FC1F1DBF0F8600E4D098 /* SunflowerTests.xctest */ = {isa = PBXFileReference; explicitFileType = wrapper.cfbundle; includeInIndex = 0; path = SunflowerTests.xctest; sourceTree = BUILT_PRODUCTS_DIR; };
		B532FC231DBF0F8600E4D098 /* SunflowerTests.m */ = {isa = PBXFileReference; lastKnownFileType = sourcecode.c.objc; path = SunflowerTests.m; sourceTree = "<group>"; };
		B532FC251DBF0F8600E4D098 /* Info.plist */ = {isa = PBXFileReference; lastKnownFileType = text.plist.xml; path = Info.plist; sourceTree = "<group>"; };
		B532FC2A1DBF0F8600E4D098 /* SunflowerUITests.xctest */ = {isa = PBXFileReference; explicitFileType = wrapper.cfbundle; includeInIndex = 0; path = SunflowerUITests.xctest; sourceTree = BUILT_PRODUCTS_DIR; };
		B532FC2E1DBF0F8600E4D098 /* SunflowerUITests.m */ = {isa = PBXFileReference; lastKnownFileType = sourcecode.c.objc; path = SunflowerUITests.m; sourceTree = "<group>"; };
		B532FC301DBF0F8600E4D098 /* Info.plist */ = {isa = PBXFileReference; lastKnownFileType = text.plist.xml; path = Info.plist; sourceTree = "<group>"; };
/* End PBXFileReference section */

/* Begin PBXFrameworksBuildPhase section */
		B532FBFC1DBF0F8500E4D098 /* Frameworks */ = {
			isa = PBXFrameworksBuildPhase;
			buildActionMask = 2147483647;
			files = (
			);
			runOnlyForDeploymentPostprocessing = 0;
		};
		B532FC1C1DBF0F8600E4D098 /* Frameworks */ = {
			isa = PBXFrameworksBuildPhase;
			buildActionMask = 2147483647;
			files = (
			);
			runOnlyForDeploymentPostprocessing = 0;
		};
		B532FC271DBF0F8600E4D098 /* Frameworks */ = {
			isa = PBXFrameworksBuildPhase;
			buildActionMask = 2147483647;
			files = (
			);
			runOnlyForDeploymentPostprocessing = 0;
		};
/* End PBXFrameworksBuildPhase section */

/* Begin PBXGroup section */
		B532FBF61DBF0F8500E4D098 = {
			isa = PBXGroup;
			children = (
				B532FC011DBF0F8500E4D098 /* Sunflower */,
				B532FC221DBF0F8600E4D098 /* SunflowerTests */,
				B532FC2D1DBF0F8600E4D098 /* SunflowerUITests */,
				B532FC001DBF0F8500E4D098 /* Products */,
			);
			sourceTree = "<group>";
		};
		B532FC001DBF0F8500E4D098 /* Products */ = {
			isa = PBXGroup;
			children = (
				B532FBFF1DBF0F8500E4D098 /* Sunflower.app */,
				B532FC1F1DBF0F8600E4D098 /* SunflowerTests.xctest */,
				B532FC2A1DBF0F8600E4D098 /* SunflowerUITests.xctest */,
			);
			name = Products;
			sourceTree = "<group>";
		};
		B532FC011DBF0F8500E4D098 /* Sunflower */ = {
			isa = PBXGroup;
			children = (
				B532FC051DBF0F8500E4D098 /* AppDelegate.h */,
				B532FC061DBF0F8500E4D098 /* AppDelegate.m */,
				B532FC081DBF0F8500E4D098 /* GameScene.sks */,
				B532FC0A1DBF0F8500E4D098 /* Actions.sks */,
				B532FC0C1DBF0F8600E4D098 /* GameScene.h */,
				B532FC0D1DBF0F8600E4D098 /* GameScene.m */,
				B532FC0F1DBF0F8600E4D098 /* GameViewController.h */,
				B532FC101DBF0F8600E4D098 /* GameViewController.m */,
				B532FC121DBF0F8600E4D098 /* Main.storyboard */,
				B532FC151DBF0F8600E4D098 /* Assets.xcassets */,
				B532FC171DBF0F8600E4D098 /* LaunchScreen.storyboard */,
				B532FC1A1DBF0F8600E4D098 /* Info.plist */,
				B532FC021DBF0F8500E4D098 /* Supporting Files */,
			);
			path = Sunflower;
			sourceTree = "<group>";
		};
		B532FC021DBF0F8500E4D098 /* Supporting Files */ = {
			isa = PBXGroup;
			children = (
				B532FC031DBF0F8500E4D098 /* main.m */,
			);
			name = "Supporting Files";
			sourceTree = "<group>";
		};
		B532FC221DBF0F8600E4D098 /* SunflowerTests */ = {
			isa = PBXGroup;
			children = (
				B532FC231DBF0F8600E4D098 /* SunflowerTests.m */,
				B532FC251DBF0F8600E4D098 /* Info.plist */,
			);
			path = SunflowerTests;
			sourceTree = "<group>";
		};
		B532FC2D1DBF0F8600E4D098 /* SunflowerUITests */ = {
			isa = PBXGroup;
			children = (
				B532FC2E1DBF0F8600E4D098 /* SunflowerUITests.m */,
				B532FC301DBF0F8600E4D098 /* Info.plist */,
			);
			path = SunflowerUITests;
			sourceTree = "<group>";
		};
/* End PBXGroup section */

/* Begin PBXNativeTarget section */
		B532FBFE1DBF0F8500E4D098 /* Sunflower */ = {
			isa = PBXNativeTarget;
			buildConfigurationList = B532FC331DBF0F8600E4D098 /* Build configuration list for PBXNativeTarget "Sunflower" */;
			buildPhases = (
				B532FBFB1DBF0F8500E4D098 /* Sources */,
				B532FBFC1DBF0F8500E4D098 /* Frameworks */,
				B532FBFD1DBF0F8500E4D098 /* Resources */,
			);
			buildRules = (
			);
			dependencies = (
			);
			name = Sunflower;
			productName = Sunflower;
			productReference = B532FBFF1DBF0F8500E4D098 /* Sunflower.app */;
			productType = "com.apple.product-type.application";
		};
		B532FC1E1DBF0F8600E4D098 /* SunflowerTests */ = {
			isa = PBXNativeTarget;
			buildConfigurationList = B532FC361DBF0F8600E4D098 /* Build configuration list for PBXNativeTarget "SunflowerTests" */;
			buildPhases = (
				B532FC1B1DBF0F8600E4D098 /* Sources */,
				B532FC1C1DBF0F8600E4D098 /* Frameworks */,
				B532FC1D1DBF0F8600E4D098 /* Resources */,
			);
			buildRules = (
			);
			dependencies = (
				B532FC211DBF0F8600E4D098 /* PBXTargetDependency */,
			);
			name = SunflowerTests;
			productName = SunflowerTests;
			productReference = B532FC1F1DBF0F8600E4D098 /* SunflowerTests.xctest */;
			productType = "com.apple.product-type.bundle.unit-test";
		};
		B532FC291DBF0F8600E4D098 /* SunflowerUITests */ = {
			isa = PBXNativeTarget;
			buildConfigurationList = B532FC391DBF0F8600E4D098 /* Build configuration list for PBXNativeTarget "SunflowerUITests" */;
			buildPhases = (
				B532FC261DBF0F8600E4D098 /* Sources */,
				B532FC271DBF0F8600E4D098 /* Frameworks */,
				B532FC281DBF0F8600E4D098 /* Resources */,
			);
			buildRules = (
			);
			dependencies = (
				B532FC2C1DBF0F8600E4D098 /* PBXTargetDependency */,
			);
			name = SunflowerUITests;
			productName = SunflowerUITests;
			productReference = B532FC2A1DBF0F8600E4D098 /* SunflowerUITests.xctest */;
			productType = "com.apple.product-type.bundle.ui-testing";
		};
/* End PBXNativeTarget section */

/* Begin PBXProject section */
		B532FBF71DBF0F8500E4D098 /* Project object */ = {
			isa = PBXProject;
			attributes = {
				LastUpgradeCheck = 0800;
				ORGANIZATIONNAME = "Benjamin Stammen";
				TargetAttributes = {
					B532FBFE1DBF0F8500E4D098 = {
						CreatedOnToolsVersion = 8.0;
						ProvisioningStyle = Automatic;
					};
					B532FC1E1DBF0F8600E4D098 = {
						CreatedOnToolsVersion = 8.0;
						ProvisioningStyle = Automatic;
						TestTargetID = B532FBFE1DBF0F8500E4D098;
					};
					B532FC291DBF0F8600E4D098 = {
						CreatedOnToolsVersion = 8.0;
						ProvisioningStyle = Automatic;
						TestTargetID = B532FBFE1DBF0F8500E4D098;
					};
				};
			};
			buildConfigurationList = B532FBFA1DBF0F8500E4D098 /* Build configuration list for PBXProject "Sunflower" */;
			compatibilityVersion = "Xcode 3.2";
			developmentRegion = English;
			hasScannedForEncodings = 0;
			knownRegions = (
				en,
				Base,
			);
			mainGroup = B532FBF61DBF0F8500E4D098;
			productRefGroup = B532FC001DBF0F8500E4D098 /* Products */;
			projectDirPath = "";
			projectRoot = "";
			targets = (
				B532FBFE1DBF0F8500E4D098 /* Sunflower */,
				B532FC1E1DBF0F8600E4D098 /* SunflowerTests */,
				B532FC291DBF0F8600E4D098 /* SunflowerUITests */,
			);
		};
/* End PBXProject section */

/* Begin PBXResourcesBuildPhase section */
		B532FBFD1DBF0F8500E4D098 /* Resources */ = {
			isa = PBXResourcesBuildPhase;
			buildActionMask = 2147483647;
			files = (
				B532FC141DBF0F8600E4D098 /* Main.storyboard in Resources */,
				B532FC091DBF0F8500E4D098 /* GameScene.sks in Resources */,
				B532FC161DBF0F8600E4D098 /* Assets.xcassets in Resources */,
				B532FC191DBF0F8600E4D098 /* LaunchScreen.storyboard in Resources */,
				B532FC0B1DBF0F8500E4D098 /* Actions.sks in Resources */,
			);
			runOnlyForDeploymentPostprocessing = 0;
		};
		B532FC1D1DBF0F8600E4D098 /* Resources */ = {
			isa = PBXResourcesBuildPhase;
			buildActionMask = 2147483647;
			files = (
			);
			runOnlyForDeploymentPostprocessing = 0;
		};
		B532FC281DBF0F8600E4D098 /* Resources */ = {
			isa = PBXResourcesBuildPhase;
			buildActionMask = 2147483647;
			files = (
			);
			runOnlyForDeploymentPostprocessing = 0;
		};
/* End PBXResourcesBuildPhase section */

/* Begin PBXSourcesBuildPhase section */
		B532FBFB1DBF0F8500E4D098 /* Sources */ = {
			isa = PBXSourcesBuildPhase;
			buildActionMask = 2147483647;
			files = (
				B532FC111DBF0F8600E4D098 /* GameViewController.m in Sources */,
				B532FC071DBF0F8500E4D098 /* AppDelegate.m in Sources */,
				B532FC0E1DBF0F8600E4D098 /* GameScene.m in Sources */,
				B532FC041DBF0F8500E4D098 /* main.m in Sources */,
			);
			runOnlyForDeploymentPostprocessing = 0;
		};
		B532FC1B1DBF0F8600E4D098 /* Sources */ = {
			isa = PBXSourcesBuildPhase;
			buildActionMask = 2147483647;
			files = (
				B532FC241DBF0F8600E4D098 /* SunflowerTests.m in Sources */,
			);
			runOnlyForDeploymentPostprocessing = 0;
		};
		B532FC261DBF0F8600E4D098 /* Sources */ = {
			isa = PBXSourcesBuildPhase;
			buildActionMask = 2147483647;
			files = (
				B532FC2F1DBF0F8600E4D098 /* SunflowerUITests.m in Sources */,
			);
			runOnlyForDeploymentPostprocessing = 0;
		};
/* End PBXSourcesBuildPhase section */

/* Begin PBXTargetDependency section */
		B532FC211DBF0F8600E4D098 /* PBXTargetDependency */ = {
			isa = PBXTargetDependency;
			target = B532FBFE1DBF0F8500E4D098 /* Sunflower */;
			targetProxy = B532FC201DBF0F8600E4D098 /* PBXContainerItemProxy */;
		};
		B532FC2C1DBF0F8600E4D098 /* PBXTargetDependency */ = {
			isa = PBXTargetDependency;
			target = B532FBFE1DBF0F8500E4D098 /* Sunflower */;
			targetProxy = B532FC2B1DBF0F8600E4D098 /* PBXContainerItemProxy */;
		};
/* End PBXTargetDependency section */

/* Begin PBXVariantGroup section */
		B532FC121DBF0F8600E4D098 /* Main.storyboard */ = {
			isa = PBXVariantGroup;
			children = (
				B532FC131DBF0F8600E4D098 /* Base */,
			);
			name = Main.storyboard;
			sourceTree = "<group>";
		};
		B532FC171DBF0F8600E4D098 /* LaunchScreen.storyboard */ = {
			isa = PBXVariantGroup;
			children = (
				B532FC181DBF0F8600E4D098 /* Base */,
			);
			name = LaunchScreen.storyboard;
			sourceTree = "<group>";
		};
/* End PBXVariantGroup section */

/* Begin XCBuildConfiguration section */
		B532FC311DBF0F8600E4D098 /* Debug */ = {
			isa = XCBuildConfiguration;
			buildSettings = {
				ALWAYS_SEARCH_USER_PATHS = NO;
				CLANG_ANALYZER_NONNULL = YES;
				CLANG_CXX_LANGUAGE_STANDARD = "gnu++0x";
				CLANG_CXX_LIBRARY = "libc++";
				CLANG_ENABLE_MODULES = YES;
				CLANG_ENABLE_OBJC_ARC = YES;
				CLANG_WARN_BOOL_CONVERSION = YES;
				CLANG_WARN_CONSTANT_CONVERSION = YES;
				CLANG_WARN_DIRECT_OBJC_ISA_USAGE = YES_ERROR;
				CLANG_WARN_DOCUMENTATION_COMMENTS = YES;
				CLANG_WARN_EMPTY_BODY = YES;
				CLANG_WARN_ENUM_CONVERSION = YES;
				CLANG_WARN_INFINITE_RECURSION = YES;
				CLANG_WARN_INT_CONVERSION = YES;
				CLANG_WARN_OBJC_ROOT_CLASS = YES_ERROR;
				CLANG_WARN_SUSPICIOUS_MOVES = YES;
				CLANG_WARN_UNREACHABLE_CODE = YES;
				CLANG_WARN__DUPLICATE_METHOD_MATCH = YES;
				"CODE_SIGN_IDENTITY[sdk=iphoneos*]" = "iPhone Developer";
				COPY_PHASE_STRIP = NO;
				DEBUG_INFORMATION_FORMAT = dwarf;
				ENABLE_STRICT_OBJC_MSGSEND = YES;
				ENABLE_TESTABILITY = YES;
				GCC_C_LANGUAGE_STANDARD = gnu99;
				GCC_DYNAMIC_NO_PIC = NO;
				GCC_NO_COMMON_BLOCKS = YES;
				GCC_OPTIMIZATION_LEVEL = 0;
				GCC_PREPROCESSOR_DEFINITIONS = (
					"DEBUG=1",
					"$(inherited)",
				);
				GCC_WARN_64_TO_32_BIT_CONVERSION = YES;
				GCC_WARN_ABOUT_RETURN_TYPE = YES_ERROR;
				GCC_WARN_UNDECLARED_SELECTOR = YES;
				GCC_WARN_UNINITIALIZED_AUTOS = YES_AGGRESSIVE;
				GCC_WARN_UNUSED_FUNCTION = YES;
				GCC_WARN_UNUSED_VARIABLE = YES;
				IPHONEOS_DEPLOYMENT_TARGET = 10.0;
				MTL_ENABLE_DEBUG_INFO = YES;
				ONLY_ACTIVE_ARCH = YES;
				SDKROOT = iphoneos;
				TARGETED_DEVICE_FAMILY = "1,2";
			};
			name = Debug;
		};
		B532FC321DBF0F8600E4D098 /* Release */ = {
			isa = XCBuildConfiguration;
			buildSettings = {
				ALWAYS_SEARCH_USER_PATHS = NO;
				CLANG_ANALYZER_NONNULL = YES;
				CLANG_CXX_LANGUAGE_STANDARD = "gnu++0x";
				CLANG_CXX_LIBRARY = "libc++";
				CLANG_ENABLE_MODULES = YES;
				CLANG_ENABLE_OBJC_ARC = YES;
				CLANG_WARN_BOOL_CONVERSION = YES;
				CLANG_WARN_CONSTANT_CONVERSION = YES;
				CLANG_WARN_DIRECT_OBJC_ISA_USAGE = YES_ERROR;
				CLANG_WARN_DOCUMENTATION_COMMENTS = YES;
				CLANG_WARN_EMPTY_BODY = YES;
				CLANG_WARN_ENUM_CONVERSION = YES;
				CLANG_WARN_INFINITE_RECURSION = YES;
				CLANG_WARN_INT_CONVERSION = YES;
				CLANG_WARN_OBJC_ROOT_CLASS = YES_ERROR;
				CLANG_WARN_SUSPICIOUS_MOVES = YES;
				CLANG_WARN_UNREACHABLE_CODE = YES;
				CLANG_WARN__DUPLICATE_METHOD_MATCH = YES;
				"CODE_SIGN_IDENTITY[sdk=iphoneos*]" = "iPhone Developer";
				COPY_PHASE_STRIP = NO;
				DEBUG_INFORMATION_FORMAT = "dwarf-with-dsym";
				ENABLE_NS_ASSERTIONS = NO;
				ENABLE_STRICT_OBJC_MSGSEND = YES;
				GCC_C_LANGUAGE_STANDARD = gnu99;
				GCC_NO_COMMON_BLOCKS = YES;
				GCC_WARN_64_TO_32_BIT_CONVERSION = YES;
				GCC_WARN_ABOUT_RETURN_TYPE = YES_ERROR;
				GCC_WARN_UNDECLARED_SELECTOR = YES;
				GCC_WARN_UNINITIALIZED_AUTOS = YES_AGGRESSIVE;
				GCC_WARN_UNUSED_FUNCTION = YES;
				GCC_WARN_UNUSED_VARIABLE = YES;
				IPHONEOS_DEPLOYMENT_TARGET = 10.0;
				MTL_ENABLE_DEBUG_INFO = NO;
				SDKROOT = iphoneos;
				TARGETED_DEVICE_FAMILY = "1,2";
				VALIDATE_PRODUCT = YES;
			};
			name = Release;
		};
		B532FC341DBF0F8600E4D098 /* Debug */ = {
			isa = XCBuildConfiguration;
			buildSettings = {
				ASSETCATALOG_COMPILER_APPICON_NAME = AppIcon;
				INFOPLIST_FILE = Sunflower/Info.plist;
				IPHONEOS_DEPLOYMENT_TARGET = 10.0;
				LD_RUNPATH_SEARCH_PATHS = "$(inherited) @executable_path/Frameworks";
				PRODUCT_BUNDLE_IDENTIFIER = com.msw.Sunflower;
				PRODUCT_NAME = "$(TARGET_NAME)";
			};
			name = Debug;
		};
		B532FC351DBF0F8600E4D098 /* Release */ = {
			isa = XCBuildConfiguration;
			buildSettings = {
				ASSETCATALOG_COMPILER_APPICON_NAME = AppIcon;
				INFOPLIST_FILE = Sunflower/Info.plist;
				IPHONEOS_DEPLOYMENT_TARGET = 10.0;
				LD_RUNPATH_SEARCH_PATHS = "$(inherited) @executable_path/Frameworks";
				PRODUCT_BUNDLE_IDENTIFIER = com.msw.Sunflower;
				PRODUCT_NAME = "$(TARGET_NAME)";
			};
			name = Release;
		};
		B532FC371DBF0F8600E4D098 /* Debug */ = {
			isa = XCBuildConfiguration;
			buildSettings = {
				BUNDLE_LOADER = "$(TEST_HOST)";
				INFOPLIST_FILE = SunflowerTests/Info.plist;
				LD_RUNPATH_SEARCH_PATHS = "$(inherited) @executable_path/Frameworks @loader_path/Frameworks";
				PRODUCT_BUNDLE_IDENTIFIER = com.msw.SunflowerTests;
				PRODUCT_NAME = "$(TARGET_NAME)";
				TEST_HOST = "$(BUILT_PRODUCTS_DIR)/Sunflower.app/Sunflower";
			};
			name = Debug;
		};
		B532FC381DBF0F8600E4D098 /* Release */ = {
			isa = XCBuildConfiguration;
			buildSettings = {
				BUNDLE_LOADER = "$(TEST_HOST)";
				INFOPLIST_FILE = SunflowerTests/Info.plist;
				LD_RUNPATH_SEARCH_PATHS = "$(inherited) @executable_path/Frameworks @loader_path/Frameworks";
				PRODUCT_BUNDLE_IDENTIFIER = com.msw.SunflowerTests;
				PRODUCT_NAME = "$(TARGET_NAME)";
				TEST_HOST = "$(BUILT_PRODUCTS_DIR)/Sunflower.app/Sunflower";
			};
			name = Release;
		};
		B532FC3A1DBF0F8600E4D098 /* Debug */ = {
			isa = XCBuildConfiguration;
			buildSettings = {
				INFOPLIST_FILE = SunflowerUITests/Info.plist;
				LD_RUNPATH_SEARCH_PATHS = "$(inherited) @executable_path/Frameworks @loader_path/Frameworks";
				PRODUCT_BUNDLE_IDENTIFIER = com.msw.SunflowerUITests;
				PRODUCT_NAME = "$(TARGET_NAME)";
				TEST_TARGET_NAME = Sunflower;
			};
			name = Debug;
		};
		B532FC3B1DBF0F8600E4D098 /* Release */ = {
			isa = XCBuildConfiguration;
			buildSettings = {
				INFOPLIST_FILE = SunflowerUITests/Info.plist;
				LD_RUNPATH_SEARCH_PATHS = "$(inherited) @executable_path/Frameworks @loader_path/Frameworks";
				PRODUCT_BUNDLE_IDENTIFIER = com.msw.SunflowerUITests;
				PRODUCT_NAME = "$(TARGET_NAME)";
				TEST_TARGET_NAME = Sunflower;
			};
			name = Release;
		};
/* End XCBuildConfiguration section */

/* Begin XCConfigurationList section */
		B532FBFA1DBF0F8500E4D098 /* Build configuration list for PBXProject "Sunflower" */ = {
			isa = XCConfigurationList;
			buildConfigurations = (
				B532FC311DBF0F8600E4D098 /* Debug */,
				B532FC321DBF0F8600E4D098 /* Release */,
			);
			defaultConfigurationIsVisible = 0;
			defaultConfigurationName = Release;
		};
		B532FC331DBF0F8600E4D098 /* Build configuration list for PBXNativeTarget "Sunflower" */ = {
			isa = XCConfigurationList;
			buildConfigurations = (
				B532FC341DBF0F8600E4D098 /* Debug */,
				B532FC351DBF0F8600E4D098 /* Release */,
			);
			defaultConfigurationIsVisible = 0;
		};
		B532FC361DBF0F8600E4D098 /* Build configuration list for PBXNativeTarget "SunflowerTests" */ = {
			isa = XCConfigurationList;
			buildConfigurations = (
				B532FC371DBF0F8600E4D098 /* Debug */,
				B532FC381DBF0F8600E4D098 /* Release */,
			);
			defaultConfigurationIsVisible = 0;
		};
		B532FC391DBF0F8600E4D098 /* Build configuration list for PBXNativeTarget "SunflowerUITests" */ = {
			isa = XCConfigurationList;
			buildConfigurations = (
				B532FC3A1DBF0F8600E4D098 /* Debug */,
				B532FC3B1DBF0F8600E4D098 /* Release */,
			);
			defaultConfigurationIsVisible = 0;
		};
/* End XCConfigurationList section */
	};
	rootObject = B532FBF71DBF0F8500E4D098 /* Project object */;
}
